
Microsoft Visual Studio Solution File, Format Version 12.00
# Visual Studio Version 17
VisualStudioVersion = 17.9.34616.47
MinimumVisualStudioVersion = 10.0.40219.1
Project("{FAE04EC0-301F-11D3-BF4B-00C04F79EFBC}") = "BetaBank", "BetaBank\BetaBank.csproj", "{A465C831-5F31-4D4E-8544-DFF09B2842DF}"
EndProject
Global
	GlobalSection(SolutionConfigurationPlatforms) = preSolution
		Debug|Any CPU = Debug|Any CPU
		Release|Any CPU = Release|Any CPU
	EndGlobalSection
	GlobalSection(ProjectConfigurationPlatforms) = postSolution
		{A465C831-5F31-4D4E-8544-DFF09B2842DF}.Debug|Any CPU.ActiveCfg = Debug|Any CPU
		{A465C831-5F31-4D4E-8544-DFF09B2842DF}.Debug|Any CPU.Build.0 = Debug|Any CPU
		{A465C831-5F31-4D4E-8544-DFF09B2842DF}.Release|Any CPU.ActiveCfg = Release|Any CPU
		{A465C831-5F31-4D4E-8544-DFF09B2842DF}.Release|Any CPU.Build.0 = Release|Any CPU
	EndGlobalSection
	GlobalSection(SolutionProperties) = preSolution
		HideSolutionNode = FALSE
	EndGlobalSection
	GlobalSection(ExtensibilityGlobals) = postSolution
		SolutionGuid = {BBE8CE88-FE8C-4E94-ADEE-BA7F4E9C3F15}
	EndGlobalSection
EndGlobal
